
Microsoft Visual Studio Solution File, Format Version 12.00
# Visual Studio 15
VisualStudioVersion = 15.0.28010.2041
MinimumVisualStudioVersion = 10.0.40219.1
Project("{8BC9CEB8-8B4A-11D0-8D11-00A0C91BC942}") = "Asteroids", "Asteroids\Asteroids.vcxproj", "{B11EFBF9-4454-4228-A8FC-FDCF2DDEF663}"
	ProjectSection(ProjectDependencies) = postProject
		{F815BF5C-D322-440C-85C8-A49DC1D9BF35} = {F815BF5C-D322-440C-85C8-A49DC1D9BF35}
	EndProjectSection
EndProject
Project("{8BC9CEB8-8B4A-11D0-8D11-00A0C91BC942}") = "DirectXTK", "DirectXTK\DirectXTK.vcxproj", "{F815BF5C-D322-440C-85C8-A49DC1D9BF35}"
EndProject
Global
	GlobalSection(SolutionConfigurationPlatforms) = preSolution
		Debug|x64 = Debug|x64
		Release|x64 = Release|x64
	EndGlobalSection
	GlobalSection(ProjectConfigurationPlatforms) = postSolution
		{B11EFBF9-4454-4228-A8FC-FDCF2DDEF663}.Debug|x64.ActiveCfg = Debug|x64
		{B11EFBF9-4454-4228-A8FC-FDCF2DDEF663}.Debug|x64.Build.0 = Debug|x64
		{B11EFBF9-4454-4228-A8FC-FDCF2DDEF663}.Release|x64.ActiveCfg = Release|x64
		{B11EFBF9-4454-4228-A8FC-FDCF2DDEF663}.Release|x64.Build.0 = Release|x64
		{F815BF5C-D322-440C-85C8-A49DC1D9BF35}.Debug|x64.ActiveCfg = Debug|x64
		{F815BF5C-D322-440C-85C8-A49DC1D9BF35}.Debug|x64.Build.0 = Debug|x64
		{F815BF5C-D322-440C-85C8-A49DC1D9BF35}.Release|x64.ActiveCfg = Release|x64
		{F815BF5C-D322-440C-85C8-A49DC1D9BF35}.Release|x64.Build.0 = Release|x64
	EndGlobalSection
	GlobalSection(SolutionProperties) = preSolution
		HideSolutionNode = FALSE
	EndGlobalSection
	GlobalSection(ExtensibilityGlobals) = postSolution
		SolutionGuid = {A3B81632-6427-4485-8C65-55CDB9EF96F8}
	EndGlobalSection
EndGlobal
